
Microsoft Visual Studio Solution File, Format Version 12.00
# Visual Studio Version 17
VisualStudioVersion = 17.14.36414.22
MinimumVisualStudioVersion = 10.0.40219.1
Project("{2150E333-8FDC-42A3-9474-1A3956D46DE8}") = "Task0", "Task0", "{36D591C7-65C7-A0D1-1CBC-10CDE441BDC8}"
EndProject
Project("{FAE04EC0-301F-11D3-BF4B-00C04F79EFBC}") = "Tyuiu.EvdokimovKP.Sprint3.Task0.V2", "Tyuiu.EvdokimovKP.Sprint3.Task0.V2\Tyuiu.EvdokimovKP.Sprint3.Task0.V2.csproj", "{CFC85F5D-ACC2-44F6-B0E5-13AF8EA3B24E}"
EndProject
Project("{FAE04EC0-301F-11D3-BF4B-00C04F79EFBC}") = "Tyuiu.EvdokimovKP.Sprint3.Task0.V2.Lib", "Tyuiu.EvdokimovKP.Sprint3.Task0.V2.Lib\Tyuiu.EvdokimovKP.Sprint3.Task0.V2.Lib.csproj", "{CDD39BEA-218E-45C8-8E59-98DDED7E4FDA}"
EndProject
Project("{FAE04EC0-301F-11D3-BF4B-00C04F79EFBC}") = "Tyuiu.EvdokimovKP.Sprint3.Task0.V2.Test", "Tyuiu.EvdokimovKP.Sprint3.Task0.V2.Test\Tyuiu.EvdokimovKP.Sprint3.Task0.V2.Test.csproj", "{E4D62CF8-6B9C-42FD-AC94-BA26E52A9614}"
EndProject
Project("{2150E333-8FDC-42A3-9474-1A3956D46DE8}") = "Task1", "Task1", "{BAB8589D-DA3C-4AC3-B62A-E5BA0F7312E9}"
EndProject
Project("{FAE04EC0-301F-11D3-BF4B-00C04F79EFBC}") = "Tyuiu.EvdokimovKP.Sprint3.Task1.V13", "Tyuiu.EvdokimovKP.Sprint3.Task1.V13\Tyuiu.EvdokimovKP.Sprint3.Task1.V13.csproj", "{05A0663F-D2F2-45BE-AB42-1E06B488E647}"
EndProject
Project("{FAE04EC0-301F-11D3-BF4B-00C04F79EFBC}") = "Tyuiu.EvdokimovKP.Sprint3.Task1.V13.Lib", "Tyuiu.EvdokimovKP.Sprint3.Task1.V13.Lib\Tyuiu.EvdokimovKP.Sprint3.Task1.V13.Lib.csproj", "{AB885974-4FC5-480D-B584-DBD5AE675710}"
EndProject
Project("{FAE04EC0-301F-11D3-BF4B-00C04F79EFBC}") = "Tyuiu.EvdokimovKP.Sprint3.Task1.V13.Test", "Tyuiu.EvdokimovKP.Sprint3.Task1.V13.Test\Tyuiu.EvdokimovKP.Sprint3.Task1.V13.Test.csproj", "{CED7FA59-A137-4888-95B1-D9275410EB95}"
EndProject
Project("{2150E333-8FDC-42A3-9474-1A3956D46DE8}") = "Task2", "Task2", "{5F60A5F8-D4F5-4168-BB22-CC968488C481}"
EndProject
Project("{FAE04EC0-301F-11D3-BF4B-00C04F79EFBC}") = "Tyuiu.EvdokimovKP.Sprint3.Task2.V12", "Tyuiu.EvdokimovKP.Sprint3.Task2.V12\Tyuiu.EvdokimovKP.Sprint3.Task2.V12.csproj", "{1A3A3A0B-3D63-41AC-B1B0-6D8200FB2966}"
EndProject
Project("{FAE04EC0-301F-11D3-BF4B-00C04F79EFBC}") = "Tyuiu.EvdokimovKP.Sprint3.Task2.V12.Lib", "Tyuiu.EvdokimovKP.Sprint3.Task2.V12.Lib\Tyuiu.EvdokimovKP.Sprint3.Task2.V12.Lib.csproj", "{82FC9387-280D-4D39-9CE8-2D42844D3F56}"
EndProject
Project("{FAE04EC0-301F-11D3-BF4B-00C04F79EFBC}") = "Tyuiu.EvdokimovKP.Sprint3.Task2.V12.Test", "Tyuiu.EvdokimovKP.Sprint3.Task2.V12.Test\Tyuiu.EvdokimovKP.Sprint3.Task2.V12.Test.csproj", "{41FD63F3-5823-4F81-AC03-DDBA8E54492A}"
EndProject
Project("{2150E333-8FDC-42A3-9474-1A3956D46DE8}") = "Task3", "Task3", "{B714E1A9-A5B5-44C8-A72C-5E88E97C6C68}"
EndProject
Project("{FAE04EC0-301F-11D3-BF4B-00C04F79EFBC}") = "Tyuiu.EvdokimovKP.Sprint3.Task3.V11", "Tyuiu.EvdokimovKP.Sprint3.Task3.V11\Tyuiu.EvdokimovKP.Sprint3.Task3.V11.csproj", "{B82B6573-9291-4B88-84F1-B59CD04C3CE6}"
EndProject
Project("{FAE04EC0-301F-11D3-BF4B-00C04F79EFBC}") = "Tyuiu.EvdokimovKP.Sprint3.Task3.V11.Lib", "Tyuiu.EvdokimovKP.Sprint3.Task3.V11.Lib\Tyuiu.EvdokimovKP.Sprint3.Task3.V11.Lib.csproj", "{B060A9D3-FD12-433B-91A5-937F55B7F85F}"
EndProject
Project("{FAE04EC0-301F-11D3-BF4B-00C04F79EFBC}") = "Tyuiu.EvdokimovKP.Sprint3.Task3.V11.Test", "Tyuiu.EvdokimovKP.Sprint3.Task3.V11.Test\Tyuiu.EvdokimovKP.Sprint3.Task3.V11.Test.csproj", "{F4C256E2-445D-4967-AEA4-00F21724F59E}"
EndProject
Global
	GlobalSection(SolutionConfigurationPlatforms) = preSolution
		Debug|Any CPU = Debug|Any CPU
		Release|Any CPU = Release|Any CPU
	EndGlobalSection
	GlobalSection(ProjectConfigurationPlatforms) = postSolution
		{CFC85F5D-ACC2-44F6-B0E5-13AF8EA3B24E}.Debug|Any CPU.ActiveCfg = Debug|Any CPU
		{CFC85F5D-ACC2-44F6-B0E5-13AF8EA3B24E}.Debug|Any CPU.Build.0 = Debug|Any CPU
		{CFC85F5D-ACC2-44F6-B0E5-13AF8EA3B24E}.Release|Any CPU.ActiveCfg = Release|Any CPU
		{CFC85F5D-ACC2-44F6-B0E5-13AF8EA3B24E}.Release|Any CPU.Build.0 = Release|Any CPU
		{CDD39BEA-218E-45C8-8E59-98DDED7E4FDA}.Debug|Any CPU.ActiveCfg = Debug|Any CPU
		{CDD39BEA-218E-45C8-8E59-98DDED7E4FDA}.Debug|Any CPU.Build.0 = Debug|Any CPU
		{CDD39BEA-218E-45C8-8E59-98DDED7E4FDA}.Release|Any CPU.ActiveCfg = Release|Any CPU
		{CDD39BEA-218E-45C8-8E59-98DDED7E4FDA}.Release|Any CPU.Build.0 = Release|Any CPU
		{E4D62CF8-6B9C-42FD-AC94-BA26E52A9614}.Debug|Any CPU.ActiveCfg = Debug|Any CPU
		{E4D62CF8-6B9C-42FD-AC94-BA26E52A9614}.Debug|Any CPU.Build.0 = Debug|Any CPU
		{E4D62CF8-6B9C-42FD-AC94-BA26E52A9614}.Release|Any CPU.ActiveCfg = Release|Any CPU
		{E4D62CF8-6B9C-42FD-AC94-BA26E52A9614}.Release|Any CPU.Build.0 = Release|Any CPU
		{05A0663F-D2F2-45BE-AB42-1E06B488E647}.Debug|Any CPU.ActiveCfg = Debug|Any CPU
		{05A0663F-D2F2-45BE-AB42-1E06B488E647}.Debug|Any CPU.Build.0 = Debug|Any CPU
		{05A0663F-D2F2-45BE-AB42-1E06B488E647}.Release|Any CPU.ActiveCfg = Release|Any CPU
		{05A0663F-D2F2-45BE-AB42-1E06B488E647}.Release|Any CPU.Build.0 = Release|Any CPU
		{AB885974-4FC5-480D-B584-DBD5AE675710}.Debug|Any CPU.ActiveCfg = Debug|Any CPU
		{AB885974-4FC5-480D-B584-DBD5AE675710}.Debug|Any CPU.Build.0 = Debug|Any CPU
		{AB885974-4FC5-480D-B584-DBD5AE675710}.Release|Any CPU.ActiveCfg = Release|Any CPU
		{AB885974-4FC5-480D-B584-DBD5AE675710}.Release|Any CPU.Build.0 = Release|Any CPU
		{CED7FA59-A137-4888-95B1-D9275410EB95}.Debug|Any CPU.ActiveCfg = Debug|Any CPU
		{CED7FA59-A137-4888-95B1-D9275410EB95}.Debug|Any CPU.Build.0 = Debug|Any CPU
		{CED7FA59-A137-4888-95B1-D9275410EB95}.Release|Any CPU.ActiveCfg = Release|Any CPU
		{CED7FA59-A137-4888-95B1-D9275410EB95}.Release|Any CPU.Build.0 = Release|Any CPU
		{1A3A3A0B-3D63-41AC-B1B0-6D8200FB2966}.Debug|Any CPU.ActiveCfg = Debug|Any CPU
		{1A3A3A0B-3D63-41AC-B1B0-6D8200FB2966}.Debug|Any CPU.Build.0 = Debug|Any CPU
		{1A3A3A0B-3D63-41AC-B1B0-6D8200FB2966}.Release|Any CPU.ActiveCfg = Release|Any CPU
		{1A3A3A0B-3D63-41AC-B1B0-6D8200FB2966}.Release|Any CPU.Build.0 = Release|Any CPU
		{82FC9387-280D-4D39-9CE8-2D42844D3F56}.Debug|Any CPU.ActiveCfg = Debug|Any CPU
		{82FC9387-280D-4D39-9CE8-2D42844D3F56}.Debug|Any CPU.Build.0 = Debug|Any CPU
		{82FC9387-280D-4D39-9CE8-2D42844D3F56}.Release|Any CPU.ActiveCfg = Release|Any CPU
		{82FC9387-280D-4D39-9CE8-2D42844D3F56}.Release|Any CPU.Build.0 = Release|Any CPU
		{41FD63F3-5823-4F81-AC03-DDBA8E54492A}.Debug|Any CPU.ActiveCfg = Debug|Any CPU
		{41FD63F3-5823-4F81-AC03-DDBA8E54492A}.Debug|Any CPU.Build.0 = Debug|Any CPU
		{41FD63F3-5823-4F81-AC03-DDBA8E54492A}.Release|Any CPU.ActiveCfg = Release|Any CPU
		{41FD63F3-5823-4F81-AC03-DDBA8E54492A}.Release|Any CPU.Build.0 = Release|Any CPU
		{B82B6573-9291-4B88-84F1-B59CD04C3CE6}.Debug|Any CPU.ActiveCfg = Debug|Any CPU
		{B82B6573-9291-4B88-84F1-B59CD04C3CE6}.Debug|Any CPU.Build.0 = Debug|Any CPU
		{B82B6573-9291-4B88-84F1-B59CD04C3CE6}.Release|Any CPU.ActiveCfg = Release|Any CPU
		{B82B6573-9291-4B88-84F1-B59CD04C3CE6}.Release|Any CPU.Build.0 = Release|Any CPU
		{B060A9D3-FD12-433B-91A5-937F55B7F85F}.Debug|Any CPU.ActiveCfg = Debug|Any CPU
		{B060A9D3-FD12-433B-91A5-937F55B7F85F}.Debug|Any CPU.Build.0 = Debug|Any CPU
		{B060A9D3-FD12-433B-91A5-937F55B7F85F}.Release|Any CPU.ActiveCfg = Release|Any CPU
		{B060A9D3-FD12-433B-91A5-937F55B7F85F}.Release|Any CPU.Build.0 = Release|Any CPU
		{F4C256E2-445D-4967-AEA4-00F21724F59E}.Debug|Any CPU.ActiveCfg = Debug|Any CPU
		{F4C256E2-445D-4967-AEA4-00F21724F59E}.Debug|Any CPU.Build.0 = Debug|Any CPU
		{F4C256E2-445D-4967-AEA4-00F21724F59E}.Release|Any CPU.ActiveCfg = Release|Any CPU
		{F4C256E2-445D-4967-AEA4-00F21724F59E}.Release|Any CPU.Build.0 = Release|Any CPU
	EndGlobalSection
	GlobalSection(SolutionProperties) = preSolution
		HideSolutionNode = FALSE
	EndGlobalSection
	GlobalSection(NestedProjects) = preSolution
		{CFC85F5D-ACC2-44F6-B0E5-13AF8EA3B24E} = {36D591C7-65C7-A0D1-1CBC-10CDE441BDC8}
		{CDD39BEA-218E-45C8-8E59-98DDED7E4FDA} = {36D591C7-65C7-A0D1-1CBC-10CDE441BDC8}
		{E4D62CF8-6B9C-42FD-AC94-BA26E52A9614} = {36D591C7-65C7-A0D1-1CBC-10CDE441BDC8}
		{05A0663F-D2F2-45BE-AB42-1E06B488E647} = {BAB8589D-DA3C-4AC3-B62A-E5BA0F7312E9}
		{AB885974-4FC5-480D-B584-DBD5AE675710} = {BAB8589D-DA3C-4AC3-B62A-E5BA0F7312E9}
		{CED7FA59-A137-4888-95B1-D9275410EB95} = {BAB8589D-DA3C-4AC3-B62A-E5BA0F7312E9}
		{1A3A3A0B-3D63-41AC-B1B0-6D8200FB2966} = {5F60A5F8-D4F5-4168-BB22-CC968488C481}
		{82FC9387-280D-4D39-9CE8-2D42844D3F56} = {5F60A5F8-D4F5-4168-BB22-CC968488C481}
		{41FD63F3-5823-4F81-AC03-DDBA8E54492A} = {5F60A5F8-D4F5-4168-BB22-CC968488C481}
		{B82B6573-9291-4B88-84F1-B59CD04C3CE6} = {B714E1A9-A5B5-44C8-A72C-5E88E97C6C68}
		{B060A9D3-FD12-433B-91A5-937F55B7F85F} = {B714E1A9-A5B5-44C8-A72C-5E88E97C6C68}
		{F4C256E2-445D-4967-AEA4-00F21724F59E} = {B714E1A9-A5B5-44C8-A72C-5E88E97C6C68}
	EndGlobalSection
	GlobalSection(ExtensibilityGlobals) = postSolution
		SolutionGuid = {B922BA47-23D0-47FF-A389-67A4ECDDA598}
	EndGlobalSection
EndGlobal
